
Microsoft Visual Studio Solution File, Format Version 12.00
# Visual Studio Version 17
VisualStudioVersion = 17.3.32922.545
MinimumVisualStudioVersion = 10.0.40219.1
Project("{FAE04EC0-301F-11D3-BF4B-00C04F79EFBC}") = "PBL3_BYME", "PBL3_BYME\PBL3_BYME.csproj", "{32607799-6F30-40B0-9C61-B50FFBE8E101}"
EndProject
Global
	GlobalSection(SolutionConfigurationPlatforms) = preSolution
		Debug|Any CPU = Debug|Any CPU
		Release|Any CPU = Release|Any CPU
	EndGlobalSection
	GlobalSection(ProjectConfigurationPlatforms) = postSolution
		{32607799-6F30-40B0-9C61-B50FFBE8E101}.Debug|Any CPU.ActiveCfg = Debug|Any CPU
		{32607799-6F30-40B0-9C61-B50FFBE8E101}.Debug|Any CPU.Build.0 = Debug|Any CPU
		{32607799-6F30-40B0-9C61-B50FFBE8E101}.Release|Any CPU.ActiveCfg = Release|Any CPU
		{32607799-6F30-40B0-9C61-B50FFBE8E101}.Release|Any CPU.Build.0 = Release|Any CPU
	EndGlobalSection
	GlobalSection(SolutionProperties) = preSolution
		HideSolutionNode = FALSE
	EndGlobalSection
	GlobalSection(ExtensibilityGlobals) = postSolution
		SolutionGuid = {AB8829FE-C374-4299-BF53-1082E434B4C9}
	EndGlobalSection
EndGlobal
